
Microsoft Visual Studio Solution File, Format Version 12.00
# Visual Studio 15
VisualStudioVersion = 15.0.28307.902
MinimumVisualStudioVersion = 10.0.40219.1
Project("{FAE04EC0-301F-11D3-BF4B-00C04F79EFBC}") = "BaigiamSmuilys2", "BaigiamasisDarbas\BaigiamSmuilys2.csproj", "{C81E3F60-8F43-443E-B4FA-AE1EE78BD9B9}"
EndProject
Global
	GlobalSection(SolutionConfigurationPlatforms) = preSolution
		Debug|Any CPU = Debug|Any CPU
		Release|Any CPU = Release|Any CPU
	EndGlobalSection
	GlobalSection(ProjectConfigurationPlatforms) = postSolution
		{C81E3F60-8F43-443E-B4FA-AE1EE78BD9B9}.Debug|Any CPU.ActiveCfg = Debug|Any CPU
		{C81E3F60-8F43-443E-B4FA-AE1EE78BD9B9}.Debug|Any CPU.Build.0 = Debug|Any CPU
		{C81E3F60-8F43-443E-B4FA-AE1EE78BD9B9}.Release|Any CPU.ActiveCfg = Release|Any CPU
		{C81E3F60-8F43-443E-B4FA-AE1EE78BD9B9}.Release|Any CPU.Build.0 = Release|Any CPU
	EndGlobalSection
	GlobalSection(SolutionProperties) = preSolution
		HideSolutionNode = FALSE
	EndGlobalSection
	GlobalSection(ExtensibilityGlobals) = postSolution
		SolutionGuid = {F9AB9F81-086A-4101-993A-90B52FBFD2B6}
	EndGlobalSection
EndGlobal
